
Microsoft Visual Studio Solution File, Format Version 12.00
# Visual Studio Version 16
VisualStudioVersion = 16.0.32106.194
MinimumVisualStudioVersion = 10.0.40219.1
Project("{FAE04EC0-301F-11D3-BF4B-00C04F79EFBC}") = "XSSExemple_Cliente", "XSSExemple_Cliente\XSSExemple_Cliente.csproj", "{82FCE8EB-A671-47D8-99BB-A5DCB3BBB274}"
EndProject
Global
	GlobalSection(SolutionConfigurationPlatforms) = preSolution
		Debug|Any CPU = Debug|Any CPU
		Release|Any CPU = Release|Any CPU
	EndGlobalSection
	GlobalSection(ProjectConfigurationPlatforms) = postSolution
		{82FCE8EB-A671-47D8-99BB-A5DCB3BBB274}.Debug|Any CPU.ActiveCfg = Debug|Any CPU
		{82FCE8EB-A671-47D8-99BB-A5DCB3BBB274}.Debug|Any CPU.Build.0 = Debug|Any CPU
		{82FCE8EB-A671-47D8-99BB-A5DCB3BBB274}.Release|Any CPU.ActiveCfg = Release|Any CPU
		{82FCE8EB-A671-47D8-99BB-A5DCB3BBB274}.Release|Any CPU.Build.0 = Release|Any CPU
	EndGlobalSection
	GlobalSection(SolutionProperties) = preSolution
		HideSolutionNode = FALSE
	EndGlobalSection
	GlobalSection(ExtensibilityGlobals) = postSolution
		SolutionGuid = {D57F3DE6-C21D-4B70-8EB9-1CAED7D0C6F3}
	EndGlobalSection
EndGlobal
