
Microsoft Visual Studio Solution File, Format Version 12.00
# Visual Studio Version 16
VisualStudioVersion = 16.0.32106.194
MinimumVisualStudioVersion = 10.0.40219.1
Project("{FAE04EC0-301F-11D3-BF4B-00C04F79EFBC}") = "XSS_Exemple", "XSS_Exemple\XSS_Exemple.csproj", "{410FF629-84FC-4F3B-967C-BFFDBCAC9BCB}"
EndProject
Global
	GlobalSection(SolutionConfigurationPlatforms) = preSolution
		Debug|Any CPU = Debug|Any CPU
		Release|Any CPU = Release|Any CPU
	EndGlobalSection
	GlobalSection(ProjectConfigurationPlatforms) = postSolution
		{410FF629-84FC-4F3B-967C-BFFDBCAC9BCB}.Debug|Any CPU.ActiveCfg = Debug|Any CPU
		{410FF629-84FC-4F3B-967C-BFFDBCAC9BCB}.Debug|Any CPU.Build.0 = Debug|Any CPU
		{410FF629-84FC-4F3B-967C-BFFDBCAC9BCB}.Release|Any CPU.ActiveCfg = Release|Any CPU
		{410FF629-84FC-4F3B-967C-BFFDBCAC9BCB}.Release|Any CPU.Build.0 = Release|Any CPU
	EndGlobalSection
	GlobalSection(SolutionProperties) = preSolution
		HideSolutionNode = FALSE
	EndGlobalSection
	GlobalSection(ExtensibilityGlobals) = postSolution
		SolutionGuid = {A72AEFF6-CC96-444E-9027-61E2D6A53818}
	EndGlobalSection
EndGlobal
